
Microsoft Visual Studio Solution File, Format Version 12.00
# Visual Studio 15
Project("{FAE04EC0-301F-11D3-BF4B-00C04F79EFBC}") = "VFolders", "VFolders.csproj", "{350F0B14-C278-2233-09BB-891249A41D9B}"
EndProject
Project("{FAE04EC0-301F-11D3-BF4B-00C04F79EFBC}") = "Quantum.Simulation", "Quantum.Simulation.csproj", "{F303EED8-2B7B-5D42-900C-FD6E96869F16}"
EndProject
Project("{FAE04EC0-301F-11D3-BF4B-00C04F79EFBC}") = "Photon.Realtime", "Photon.Realtime.csproj", "{A4652533-7C38-5BF7-F9FD-7CE0E56E1E9D}"
EndProject
Project("{FAE04EC0-301F-11D3-BF4B-00C04F79EFBC}") = "Quantum.Unity.Editor", "Quantum.Unity.Editor.csproj", "{5BE774E8-6E97-C05C-109A-51F2240277C3}"
EndProject
Project("{FAE04EC0-301F-11D3-BF4B-00C04F79EFBC}") = "Quantum.Menu", "Quantum.Menu.csproj", "{C08C8498-09AF-78AE-8CC7-92902B6122DC}"
EndProject
Project("{FAE04EC0-301F-11D3-BF4B-00C04F79EFBC}") = "Quantum.Unity", "Quantum.Unity.csproj", "{00FFAB92-A38D-361C-53C0-8797DE838129}"
EndProject
Project("{FAE04EC0-301F-11D3-BF4B-00C04F79EFBC}") = "Quantum.Menu.Editor", "Quantum.Menu.Editor.csproj", "{3708B4FE-5947-A249-DC64-C125CD2F9761}"
EndProject
Project("{FAE04EC0-301F-11D3-BF4B-00C04F79EFBC}") = "Assembly-CSharp", "Assembly-CSharp.csproj", "{84535A2D-4566-D925-B7DD-41273AEC1E26}"
EndProject
Project("{FAE04EC0-301F-11D3-BF4B-00C04F79EFBC}") = "Quantum.Unity.Editor.CodeGen", "Quantum.Unity.Editor.CodeGen.csproj", "{37BA55E1-1061-B134-4A2C-9297E00CE872}"
EndProject
Global
	GlobalSection(SolutionConfigurationPlatforms) = preSolution
		Debug|Any CPU = Debug|Any CPU
		Release|Any CPU = Release|Any CPU
	EndGlobalSection
	GlobalSection(ProjectConfigurationPlatforms) = postSolution
		{350F0B14-C278-2233-09BB-891249A41D9B}.Debug|Any CPU.ActiveCfg = Debug|Any CPU
		{350F0B14-C278-2233-09BB-891249A41D9B}.Debug|Any CPU.Build.0 = Debug|Any CPU
		{350F0B14-C278-2233-09BB-891249A41D9B}.Release|Any CPU.ActiveCfg = Release|Any CPU
		{350F0B14-C278-2233-09BB-891249A41D9B}.Release|Any CPU.Build.0 = Release|Any CPU
		{F303EED8-2B7B-5D42-900C-FD6E96869F16}.Debug|Any CPU.ActiveCfg = Debug|Any CPU
		{F303EED8-2B7B-5D42-900C-FD6E96869F16}.Debug|Any CPU.Build.0 = Debug|Any CPU
		{F303EED8-2B7B-5D42-900C-FD6E96869F16}.Release|Any CPU.ActiveCfg = Release|Any CPU
		{F303EED8-2B7B-5D42-900C-FD6E96869F16}.Release|Any CPU.Build.0 = Release|Any CPU
		{A4652533-7C38-5BF7-F9FD-7CE0E56E1E9D}.Debug|Any CPU.ActiveCfg = Debug|Any CPU
		{A4652533-7C38-5BF7-F9FD-7CE0E56E1E9D}.Debug|Any CPU.Build.0 = Debug|Any CPU
		{A4652533-7C38-5BF7-F9FD-7CE0E56E1E9D}.Release|Any CPU.ActiveCfg = Release|Any CPU
		{A4652533-7C38-5BF7-F9FD-7CE0E56E1E9D}.Release|Any CPU.Build.0 = Release|Any CPU
		{5BE774E8-6E97-C05C-109A-51F2240277C3}.Debug|Any CPU.ActiveCfg = Debug|Any CPU
		{5BE774E8-6E97-C05C-109A-51F2240277C3}.Debug|Any CPU.Build.0 = Debug|Any CPU
		{5BE774E8-6E97-C05C-109A-51F2240277C3}.Release|Any CPU.ActiveCfg = Release|Any CPU
		{5BE774E8-6E97-C05C-109A-51F2240277C3}.Release|Any CPU.Build.0 = Release|Any CPU
		{C08C8498-09AF-78AE-8CC7-92902B6122DC}.Debug|Any CPU.ActiveCfg = Debug|Any CPU
		{C08C8498-09AF-78AE-8CC7-92902B6122DC}.Debug|Any CPU.Build.0 = Debug|Any CPU
		{C08C8498-09AF-78AE-8CC7-92902B6122DC}.Release|Any CPU.ActiveCfg = Release|Any CPU
		{C08C8498-09AF-78AE-8CC7-92902B6122DC}.Release|Any CPU.Build.0 = Release|Any CPU
		{00FFAB92-A38D-361C-53C0-8797DE838129}.Debug|Any CPU.ActiveCfg = Debug|Any CPU
		{00FFAB92-A38D-361C-53C0-8797DE838129}.Debug|Any CPU.Build.0 = Debug|Any CPU
		{00FFAB92-A38D-361C-53C0-8797DE838129}.Release|Any CPU.ActiveCfg = Release|Any CPU
		{00FFAB92-A38D-361C-53C0-8797DE838129}.Release|Any CPU.Build.0 = Release|Any CPU
		{3708B4FE-5947-A249-DC64-C125CD2F9761}.Debug|Any CPU.ActiveCfg = Debug|Any CPU
		{3708B4FE-5947-A249-DC64-C125CD2F9761}.Debug|Any CPU.Build.0 = Debug|Any CPU
		{3708B4FE-5947-A249-DC64-C125CD2F9761}.Release|Any CPU.ActiveCfg = Release|Any CPU
		{3708B4FE-5947-A249-DC64-C125CD2F9761}.Release|Any CPU.Build.0 = Release|Any CPU
		{84535A2D-4566-D925-B7DD-41273AEC1E26}.Debug|Any CPU.ActiveCfg = Debug|Any CPU
		{84535A2D-4566-D925-B7DD-41273AEC1E26}.Debug|Any CPU.Build.0 = Debug|Any CPU
		{84535A2D-4566-D925-B7DD-41273AEC1E26}.Release|Any CPU.ActiveCfg = Release|Any CPU
		{84535A2D-4566-D925-B7DD-41273AEC1E26}.Release|Any CPU.Build.0 = Release|Any CPU
		{37BA55E1-1061-B134-4A2C-9297E00CE872}.Debug|Any CPU.ActiveCfg = Debug|Any CPU
		{37BA55E1-1061-B134-4A2C-9297E00CE872}.Debug|Any CPU.Build.0 = Debug|Any CPU
		{37BA55E1-1061-B134-4A2C-9297E00CE872}.Release|Any CPU.ActiveCfg = Release|Any CPU
		{37BA55E1-1061-B134-4A2C-9297E00CE872}.Release|Any CPU.Build.0 = Release|Any CPU
	EndGlobalSection
	GlobalSection(SolutionProperties) = preSolution
		HideSolutionNode = FALSE
	EndGlobalSection
EndGlobal
